
Microsoft Visual Studio Solution File, Format Version 12.00
# Visual Studio Version 17
VisualStudioVersion = 17.0.31903.59
MinimumVisualStudioVersion = 10.0.40219.1
Project("{2150E333-8FDC-42A3-9474-1A3956D46DE8}") = "src", "src", "{66775BFD-CB76-43E1-8710-41633F31B12B}"
EndProject
Project("{9A19103F-16F7-4668-BE54-9A1E7A4F7556}") = "Api", "src\Api\Api.csproj", "{031AC201-82EE-4665-8917-78F62E1F20B7}"
EndProject
Project("{9A19103F-16F7-4668-BE54-9A1E7A4F7556}") = "Core", "src\Core\Core.csproj", "{C9165107-80A4-49BF-9CAA-B957239E9F03}"
EndProject
Project("{9A19103F-16F7-4668-BE54-9A1E7A4F7556}") = "Infrastructure", "src\Infrastructure\Infrastructure.csproj", "{BD70FA63-1D17-46F5-9A18-C357FD71AF86}"
EndProject
Project("{2150E333-8FDC-42A3-9474-1A3956D46DE8}") = "tests", "tests", "{85FBD31C-D84D-4C84-B1C3-DA5BD313A75F}"
EndProject
Project("{9A19103F-16F7-4668-BE54-9A1E7A4F7556}") = "Core.IntegrationTests", "tests\Core.IntegrationTests\Core.IntegrationTests.csproj", "{FD308C7E-530B-4023-90A0-0526E259B0F8}"
EndProject
Project("{2150E333-8FDC-42A3-9474-1A3956D46DE8}") = "Elementos de la solución", "Elementos de la solución", "{9CFCB089-1277-491C-AB84-66B92254C137}"
	ProjectSection(SolutionItems) = preProject
		.gitignore = .gitignore
	EndProjectSection
EndProject
Global
	GlobalSection(SolutionConfigurationPlatforms) = preSolution
		Debug|Any CPU = Debug|Any CPU
		Release|Any CPU = Release|Any CPU
	EndGlobalSection
	GlobalSection(ProjectConfigurationPlatforms) = postSolution
		{031AC201-82EE-4665-8917-78F62E1F20B7}.Debug|Any CPU.ActiveCfg = Debug|Any CPU
		{031AC201-82EE-4665-8917-78F62E1F20B7}.Debug|Any CPU.Build.0 = Debug|Any CPU
		{031AC201-82EE-4665-8917-78F62E1F20B7}.Release|Any CPU.ActiveCfg = Release|Any CPU
		{031AC201-82EE-4665-8917-78F62E1F20B7}.Release|Any CPU.Build.0 = Release|Any CPU
		{C9165107-80A4-49BF-9CAA-B957239E9F03}.Debug|Any CPU.ActiveCfg = Debug|Any CPU
		{C9165107-80A4-49BF-9CAA-B957239E9F03}.Debug|Any CPU.Build.0 = Debug|Any CPU
		{C9165107-80A4-49BF-9CAA-B957239E9F03}.Release|Any CPU.ActiveCfg = Release|Any CPU
		{C9165107-80A4-49BF-9CAA-B957239E9F03}.Release|Any CPU.Build.0 = Release|Any CPU
		{BD70FA63-1D17-46F5-9A18-C357FD71AF86}.Debug|Any CPU.ActiveCfg = Debug|Any CPU
		{BD70FA63-1D17-46F5-9A18-C357FD71AF86}.Debug|Any CPU.Build.0 = Debug|Any CPU
		{BD70FA63-1D17-46F5-9A18-C357FD71AF86}.Release|Any CPU.ActiveCfg = Release|Any CPU
		{BD70FA63-1D17-46F5-9A18-C357FD71AF86}.Release|Any CPU.Build.0 = Release|Any CPU
		{FD308C7E-530B-4023-90A0-0526E259B0F8}.Debug|Any CPU.ActiveCfg = Debug|Any CPU
		{FD308C7E-530B-4023-90A0-0526E259B0F8}.Debug|Any CPU.Build.0 = Debug|Any CPU
		{FD308C7E-530B-4023-90A0-0526E259B0F8}.Release|Any CPU.ActiveCfg = Release|Any CPU
		{FD308C7E-530B-4023-90A0-0526E259B0F8}.Release|Any CPU.Build.0 = Release|Any CPU
	EndGlobalSection
	GlobalSection(SolutionProperties) = preSolution
		HideSolutionNode = FALSE
	EndGlobalSection
	GlobalSection(NestedProjects) = preSolution
		{031AC201-82EE-4665-8917-78F62E1F20B7} = {66775BFD-CB76-43E1-8710-41633F31B12B}
		{C9165107-80A4-49BF-9CAA-B957239E9F03} = {66775BFD-CB76-43E1-8710-41633F31B12B}
		{BD70FA63-1D17-46F5-9A18-C357FD71AF86} = {66775BFD-CB76-43E1-8710-41633F31B12B}
		{FD308C7E-530B-4023-90A0-0526E259B0F8} = {85FBD31C-D84D-4C84-B1C3-DA5BD313A75F}
	EndGlobalSection
	GlobalSection(ExtensibilityGlobals) = postSolution
		SolutionGuid = {A262F6D2-5ABE-4169-9196-E59C65D87F59}
	EndGlobalSection
EndGlobal
